<?xml version="1.0" encoding="utf-8"?>
<Project xmlns="http://schemas.microsoft.com/developer/msbuild/2003" ToolsVersion="4.0">
  <ItemGroup Label="Filters">
    <Filter Include="Source Files">
      <Extensions>cpp;c;cc;cxx;def;odl;idl;hpj;bat;asm;asmx</Extensions>
    </Filter>
    <Filter Include="Header Files">
      <Extensions>h;hpp;hxx;hm;inl;inc;xsd</Extensions>
    </Filter>
    <Filter Include="Resource Files">
      <Extensions>rc;ico;cur;bmp;dlg;rc2;rct;bin;rgs;gif;jpg;jpeg;jpe;resx;tiff;tif;png;wav</Extensions>
    </Filter>
  </ItemGroup>
  <ItemGroup Label="Sources">
    <ClCompile Include="build.gradle">
      <Filter>Source Files</Filter>
    </ClCompile>
    <ClCompile Include="src\Commands\Auto\Autonomous.cpp">
      <Filter>Source Files</Filter>
    </ClCompile>
    <ClCompile Include="src\Commands\Auto\Sequences\TestPathfinder.cpp">
      <Filter>Source Files</Filter>
    </ClCompile>
    <ClCompile Include="src\Commands\Drive\DriveJoystick.cpp">
      <Filter>Source Files</Filter>
    </ClCompile>
    <ClCompile Include="src\Commands\IntakeBinary.cpp">
      <Filter>Source Files</Filter>
    </ClCompile>
    <ClCompile Include="src\Commands\LiftBinary.cpp">
      <Filter>Source Files</Filter>
    </ClCompile>
    <ClCompile Include="src\Commands\ReleaseOnce.cpp">
      <Filter>Source Files</Filter>
    </ClCompile>
    <ClCompile Include="src\logging\Logger.cpp">
      <Filter>Source Files</Filter>
    </ClCompile>
    <ClCompile Include="src\OI.cpp">
      <Filter>Source Files</Filter>
    </ClCompile>
    <ClCompile Include="src\RoboMap.cpp">
      <Filter>Source Files</Filter>
    </ClCompile>
    <ClCompile Include="src\Robot.cpp">
      <Filter>Source Files</Filter>
    </ClCompile>
    <ClCompile Include="src\Subsystems\Drivetrain.cpp">
      <Filter>Source Files</Filter>
    </ClCompile>
    <ClCompile Include="src\victoryconnect\tcp\TCPClient.cpp">
      <Filter>Source Files</Filter>
    </ClCompile>
    <ClCompile Include="src\victoryconnect\VictoryConnectClient.cpp">
      <Filter>Source Files</Filter>
    </ClCompile>
    <ClCompile Include="src\Commands\Intake\IntakeLock.cpp">
      <Filter>Source Files</Filter>
    </ClCompile>
    <ClCompile Include="src\Subsystems\Intake.cpp">
      <Filter>Source Files</Filter>
    </ClCompile>
    <ClCompile Include="src\Subsystems\NetworkSubsystem.cpp">
      <Filter>Source Files</Filter>
    </ClCompile>
    <ClCompile Include="src\Subsystems\NavX.cpp">
      <Filter>Source Files</Filter>
    </ClCompile>
  </ItemGroup>
  <ItemGroup Label="Headers">
    <ClInclude Include="src\Commands\Auto\Autonomous.h">
      <Filter>Header Files</Filter>
    </ClInclude>
    <ClInclude Include="src\Commands\Auto\Sequences\TestPathfinder.h">
      <Filter>Header Files</Filter>
    </ClInclude>
    <ClInclude Include="src\Commands\Drive\DriveJoystick.h">
      <Filter>Header Files</Filter>
    </ClInclude>
    <ClInclude Include="src\Commands\IntakeBinary.h">
      <Filter>Header Files</Filter>
    </ClInclude>
    <ClInclude Include="src\Commands\LiftBinary.h">
      <Filter>Header Files</Filter>
    </ClInclude>
    <ClInclude Include="src\Commands\ReleaseOnce.h">
      <Filter>Header Files</Filter>
    </ClInclude>
    <ClInclude Include="src\logging\Logger.h">
      <Filter>Header Files</Filter>
    </ClInclude>
    <ClInclude Include="src\OI.h">
      <Filter>Header Files</Filter>
    </ClInclude>
    <ClInclude Include="src\Ports.h">
      <Filter>Header Files</Filter>
    </ClInclude>
    <ClInclude Include="src\RoboMap.h">
      <Filter>Header Files</Filter>
    </ClInclude>
    <ClInclude Include="src\Robot.h">
      <Filter>Header Files</Filter>
    </ClInclude>
    <ClInclude Include="src\Subsystems\Drivetrain.h">
      <Filter>Header Files</Filter>
    </ClInclude>
    <ClInclude Include="src\termcolor\termcolor.hpp">
      <Filter>Header Files</Filter>
    </ClInclude>
    <ClInclude Include="src\victoryconnect\tcp\TCPClient.h">
      <Filter>Header Files</Filter>
    </ClInclude>
    <ClInclude Include="src\victoryconnect\VictoryConnectClient.h">
      <Filter>Header Files</Filter>
    </ClInclude>
    <ClInclude Include="src\Commands\Paths\Profile.h">
      <Filter>Header Files</Filter>
    </ClInclude>
    <ClInclude Include="src\Commands\Intake\IntakeLock.h">
      <Filter>Header Files</Filter>
    </ClInclude>
    <ClInclude Include="src\Subsystems\Intake.h">
      <Filter>Header Files</Filter>
    </ClInclude>
    <ClInclude Include="src\Subsystems\NetworkSubsystem.h">
      <Filter>Header Files</Filter>
    </ClInclude>
    <ClInclude Include="src\Subsystems\NavX.h">
      <Filter>Header Files</Filter>
    </ClInclude>
  </ItemGroup>
</Project>